// !$*UTF8*$!
{
	archiveVersion = 1;
	classes = {
	};
	objectVersion = 56;
	objects = {

/* Begin PBXBuildFile section */
		715B37402B3345AD008EAF31 /* ProjectsApp.swift in Sources */ = {isa = PBXBuildFile; fileRef = 715B373F2B3345AD008EAF31 /* ProjectsApp.swift */; };
		715B37422B3345AD008EAF31 /* ProjectListView.swift in Sources */ = {isa = PBXBuildFile; fileRef = 715B37412B3345AD008EAF31 /* ProjectListView.swift */; };
		715B37442B3345AE008EAF31 /* Assets.xcassets in Resources */ = {isa = PBXBuildFile; fileRef = 715B37432B3345AE008EAF31 /* Assets.xcassets */; };
		715B37472B3345AE008EAF31 /* Preview Assets.xcassets in Resources */ = {isa = PBXBuildFile; fileRef = 715B37462B3345AE008EAF31 /* Preview Assets.xcassets */; };
		715B374F2B33469B008EAF31 /* Project.swift in Sources */ = {isa = PBXBuildFile; fileRef = 715B374E2B33469B008EAF31 /* Project.swift */; };
		715B37512B3346EB008EAF31 /* ProjectUpdate.swift in Sources */ = {isa = PBXBuildFile; fileRef = 715B37502B3346EB008EAF31 /* ProjectUpdate.swift */; };
		717C36842B34CA6600175F88 /* FontHelper.swift in Sources */ = {isa = PBXBuildFile; fileRef = 717C36832B34CA6600175F88 /* FontHelper.swift */; };
/* End PBXBuildFile section */

/* Begin PBXFileReference section */
		715B373C2B3345AD008EAF31 /* Projects.app */ = {isa = PBXFileReference; explicitFileType = wrapper.application; includeInIndex = 0; path = Projects.app; sourceTree = BUILT_PRODUCTS_DIR; };
		715B373F2B3345AD008EAF31 /* ProjectsApp.swift */ = {isa = PBXFileReference; lastKnownFileType = sourcecode.swift; path = ProjectsApp.swift; sourceTree = "<group>"; };
		715B37412B3345AD008EAF31 /* ProjectListView.swift */ = {isa = PBXFileReference; lastKnownFileType = sourcecode.swift; path = ProjectListView.swift; sourceTree = "<group>"; };
		715B37432B3345AE008EAF31 /* Assets.xcassets */ = {isa = PBXFileReference; lastKnownFileType = folder.assetcatalog; path = Assets.xcassets; sourceTree = "<group>"; };
		715B37462B3345AE008EAF31 /* Preview Assets.xcassets */ = {isa = PBXFileReference; lastKnownFileType = folder.assetcatalog; path = "Preview Assets.xcassets"; sourceTree = "<group>"; };
		715B374E2B33469B008EAF31 /* Project.swift */ = {isa = PBXFileReference; lastKnownFileType = sourcecode.swift; path = Project.swift; sourceTree = "<group>"; };
		715B37502B3346EB008EAF31 /* ProjectUpdate.swift */ = {isa = PBXFileReference; lastKnownFileType = sourcecode.swift; path = ProjectUpdate.swift; sourceTree = "<group>"; };
		717C36832B34CA6600175F88 /* FontHelper.swift */ = {isa = PBXFileReference; lastKnownFileType = sourcecode.swift; path = FontHelper.swift; sourceTree = "<group>"; };
/* End PBXFileReference section */

/* Begin PBXFrameworksBuildPhase section */
		715B37392B3345AD008EAF31 /* Frameworks */ = {
			isa = PBXFrameworksBuildPhase;
			buildActionMask = 2147483647;
			files = (
			);
			runOnlyForDeploymentPostprocessing = 0;
		};
/* End PBXFrameworksBuildPhase section */

/* Begin PBXGroup section */
		715B37332B3345AD008EAF31 = {
			isa = PBXGroup;
			children = (
				715B373E2B3345AD008EAF31 /* Projects */,
				715B373D2B3345AD008EAF31 /* Products */,
			);
			sourceTree = "<group>";
		};
		715B373D2B3345AD008EAF31 /* Products */ = {
			isa = PBXGroup;
			children = (
				715B373C2B3345AD008EAF31 /* Projects.app */,
			);
			name = Products;
			sourceTree = "<group>";
		};
		715B373E2B3345AD008EAF31 /* Projects */ = {
			isa = PBXGroup;
			children = (
				717C36852B34D9BA00175F88 /* Views */,
				715B374D2B33468A008EAF31 /* Models */,
				715B373F2B3345AD008EAF31 /* ProjectsApp.swift */,
				717C36822B34CA4D00175F88 /* Helpers */,
				715B37432B3345AE008EAF31 /* Assets.xcassets */,
				715B37452B3345AE008EAF31 /* Preview Content */,
			);
			path = Projects;
			sourceTree = "<group>";
		};
		715B37452B3345AE008EAF31 /* Preview Content */ = {
			isa = PBXGroup;
			children = (
				715B37462B3345AE008EAF31 /* Preview Assets.xcassets */,
			);
			path = "Preview Content";
			sourceTree = "<group>";
		};
		715B374D2B33468A008EAF31 /* Models */ = {
			isa = PBXGroup;
			children = (
				715B374E2B33469B008EAF31 /* Project.swift */,
				715B37502B3346EB008EAF31 /* ProjectUpdate.swift */,
			);
			path = Models;
			sourceTree = "<group>";
		};
		717C36822B34CA4D00175F88 /* Helpers */ = {
			isa = PBXGroup;
			children = (
				717C36832B34CA6600175F88 /* FontHelper.swift */,
			);
			path = Helpers;
			sourceTree = "<group>";
		};
		717C36852B34D9BA00175F88 /* Views */ = {
			isa = PBXGroup;
			children = (
				715B37412B3345AD008EAF31 /* ProjectListView.swift */,
			);
			path = Views;
			sourceTree = "<group>";
		};
/* End PBXGroup section */

/* Begin PBXNativeTarget section */
		715B373B2B3345AD008EAF31 /* Projects */ = {
			isa = PBXNativeTarget;
			buildConfigurationList = 715B374A2B3345AE008EAF31 /* Build configuration list for PBXNativeTarget "Projects" */;
			buildPhases = (
				715B37382B3345AD008EAF31 /* Sources */,
				715B37392B3345AD008EAF31 /* Frameworks */,
				715B373A2B3345AD008EAF31 /* Resources */,
			);
			buildRules = (
			);
			dependencies = (
			);
			name = Projects;
			productName = Projects;
			productReference = 715B373C2B3345AD008EAF31 /* Projects.app */;
			productType = "com.apple.product-type.application";
		};
/* End PBXNativeTarget section */

/* Begin PBXProject section */
		715B37342B3345AD008EAF31 /* Project object */ = {
			isa = PBXProject;
			attributes = {
				BuildIndependentTargetsInParallel = 1;
				LastSwiftUpdateCheck = 1500;
				LastUpgradeCheck = 1500;
				TargetAttributes = {
					715B373B2B3345AD008EAF31 = {
						CreatedOnToolsVersion = 15.0.1;
					};
				};
			};
			buildConfigurationList = 715B37372B3345AD008EAF31 /* Build configuration list for PBXProject "Projects" */;
			compatibilityVersion = "Xcode 14.0";
			developmentRegion = en;
			hasScannedForEncodings = 0;
			knownRegions = (
				en,
				Base,
			);
			mainGroup = 715B37332B3345AD008EAF31;
			productRefGroup = 715B373D2B3345AD008EAF31 /* Products */;
			projectDirPath = "";
			projectRoot = "";
			targets = (
				715B373B2B3345AD008EAF31 /* Projects */,
			);
		};
/* End PBXProject section */

/* Begin PBXResourcesBuildPhase section */
		715B373A2B3345AD008EAF31 /* Resources */ = {
			isa = PBXResourcesBuildPhase;
			buildActionMask = 2147483647;
			files = (
				715B37472B3345AE008EAF31 /* Preview Assets.xcassets in Resources */,
				715B37442B3345AE008EAF31 /* Assets.xcassets in Resources */,
			);
			runOnlyForDeploymentPostprocessing = 0;
		};
/* End PBXResourcesBuildPhase section */

/* Begin PBXSourcesBuildPhase section */
		715B37382B3345AD008EAF31 /* Sources */ = {
			isa = PBXSourcesBuildPhase;
			buildActionMask = 2147483647;
			files = (
				715B37512B3346EB008EAF31 /* ProjectUpdate.swift in Sources */,
				717C36842B34CA6600175F88 /* FontHelper.swift in Sources */,
				715B37422B3345AD008EAF31 /* ProjectListView.swift in Sources */,
				715B37402B3345AD008EAF31 /* ProjectsApp.swift in Sources */,
				715B374F2B33469B008EAF31 /* Project.swift in Sources */,
			);
			runOnlyForDeploymentPostprocessing = 0;
		};
/* End PBXSourcesBuildPhase section */

/* Begin XCBuildConfiguration section */
		715B37482B3345AE008EAF31 /* Debug */ = {
			isa = XCBuildConfiguration;
			buildSettings = {
				ALWAYS_SEARCH_USER_PATHS = NO;
				ASSETCATALOG_COMPILER_GENERATE_SWIFT_ASSET_SYMBOL_EXTENSIONS = YES;
				CLANG_ANALYZER_NONNULL = YES;
				CLANG_ANALYZER_NUMBER_OBJECT_CONVERSION = YES_AGGRESSIVE;
				CLANG_CXX_LANGUAGE_STANDARD = "gnu++20";
				CLANG_ENABLE_MODULES = YES;
				CLANG_ENABLE_OBJC_ARC = YES;
				CLANG_ENABLE_OBJC_WEAK = YES;
				CLANG_WARN_BLOCK_CAPTURE_AUTORELEASING = YES;
				CLANG_WARN_BOOL_CONVERSION = YES;
				CLANG_WARN_COMMA = YES;
				CLANG_WARN_CONSTANT_CONVERSION = YES;
				CLANG_WARN_DEPRECATED_OBJC_IMPLEMENTATIONS = YES;
				CLANG_WARN_DIRECT_OBJC_ISA_USAGE = YES_ERROR;
				CLANG_WARN_DOCUMENTATION_COMMENTS = YES;
				CLANG_WARN_EMPTY_BODY = YES;
				CLANG_WARN_ENUM_CONVERSION = YES;
				CLANG_WARN_INFINITE_RECURSION = YES;
				CLANG_WARN_INT_CONVERSION = YES;
				CLANG_WARN_NON_LITERAL_NULL_CONVERSION = YES;
				CLANG_WARN_OBJC_IMPLICIT_RETAIN_SELF = YES;
				CLANG_WARN_OBJC_LITERAL_CONVERSION = YES;
				CLANG_WARN_OBJC_ROOT_CLASS = YES_ERROR;
				CLANG_WARN_QUOTED_INCLUDE_IN_FRAMEWORK_HEADER = YES;
				CLANG_WARN_RANGE_LOOP_ANALYSIS = YES;
				CLANG_WARN_STRICT_PROTOTYPES = YES;
				CLANG_WARN_SUSPICIOUS_MOVE = YES;
				CLANG_WARN_UNGUARDED_AVAILABILITY = YES_AGGRESSIVE;
				CLANG_WARN_UNREACHABLE_CODE = YES;
				CLANG_WARN__DUPLICATE_METHOD_MATCH = YES;
				COPY_PHASE_STRIP = NO;
				DEBUG_INFORMATION_FORMAT = dwarf;
				ENABLE_STRICT_OBJC_MSGSEND = YES;
				ENABLE_TESTABILITY = YES;
				ENABLE_USER_SCRIPT_SANDBOXING = YES;
				GCC_C_LANGUAGE_STANDARD = gnu17;
				GCC_DYNAMIC_NO_PIC = NO;
				GCC_NO_COMMON_BLOCKS = YES;
				GCC_OPTIMIZATION_LEVEL = 0;
				GCC_PREPROCESSOR_DEFINITIONS = (
					"DEBUG=1",
					"$(inherited)",
				);
				GCC_WARN_64_TO_32_BIT_CONVERSION = YES;
				GCC_WARN_ABOUT_RETURN_TYPE = YES_ERROR;
				GCC_WARN_UNDECLARED_SELECTOR = YES;
				GCC_WARN_UNINITIALIZED_AUTOS = YES_AGGRESSIVE;
				GCC_WARN_UNUSED_FUNCTION = YES;
				GCC_WARN_UNUSED_VARIABLE = YES;
				IPHONEOS_DEPLOYMENT_TARGET = 17.0;
				LOCALIZATION_PREFERS_STRING_CATALOGS = YES;
				MTL_ENABLE_DEBUG_INFO = INCLUDE_SOURCE;
				MTL_FAST_MATH = YES;
				ONLY_ACTIVE_ARCH = YES;
				SDKROOT = iphoneos;
				SWIFT_ACTIVE_COMPILATION_CONDITIONS = "DEBUG $(inherited)";
				SWIFT_OPTIMIZATION_LEVEL = "-Onone";
			};
			name = Debug;
		};
		715B37492B3345AE008EAF31 /* Release */ = {
			isa = XCBuildConfiguration;
			buildSettings = {
				ALWAYS_SEARCH_USER_PATHS = NO;
				ASSETCATALOG_COMPILER_GENERATE_SWIFT_ASSET_SYMBOL_EXTENSIONS = YES;
				CLANG_ANALYZER_NONNULL = YES;
				CLANG_ANALYZER_NUMBER_OBJECT_CONVERSION = YES_AGGRESSIVE;
				CLANG_CXX_LANGUAGE_STANDARD = "gnu++20";
				CLANG_ENABLE_MODULES = YES;
				CLANG_ENABLE_OBJC_ARC = YES;
				CLANG_ENABLE_OBJC_WEAK = YES;
				CLANG_WARN_BLOCK_CAPTURE_AUTORELEASING = YES;
				CLANG_WARN_BOOL_CONVERSION = YES;
				CLANG_WARN_COMMA = YES;
				CLANG_WARN_CONSTANT_CONVERSION = YES;
				CLANG_WARN_DEPRECATED_OBJC_IMPLEMENTATIONS = YES;
				CLANG_WARN_DIRECT_OBJC_ISA_USAGE = YES_ERROR;
				CLANG_WARN_DOCUMENTATION_COMMENTS = YES;
				CLANG_WARN_EMPTY_BODY = YES;
				CLANG_WARN_ENUM_CONVERSION = YES;
				CLANG_WARN_INFINITE_RECURSION = YES;
				CLANG_WARN_INT_CONVERSION = YES;
				CLANG_WARN_NON_LITERAL_NULL_CONVERSION = YES;
				CLANG_WARN_OBJC_IMPLICIT_RETAIN_SELF = YES;
				CLANG_WARN_OBJC_LITERAL_CONVERSION = YES;
				CLANG_WARN_OBJC_ROOT_CLASS = YES_ERROR;
				CLANG_WARN_QUOTED_INCLUDE_IN_FRAMEWORK_HEADER = YES;
				CLANG_WARN_RANGE_LOOP_ANALYSIS = YES;
				CLANG_WARN_STRICT_PROTOTYPES = YES;
				CLANG_WARN_SUSPICIOUS_MOVE = YES;
				CLANG_WARN_UNGUARDED_AVAILABILITY = YES_AGGRESSIVE;
				CLANG_WARN_UNREACHABLE_CODE = YES;
				CLANG_WARN__DUPLICATE_METHOD_MATCH = YES;
				COPY_PHASE_STRIP = NO;
				DEBUG_INFORMATION_FORMAT = "dwarf-with-dsym";
				ENABLE_NS_ASSERTIONS = NO;
				ENABLE_STRICT_OBJC_MSGSEND = YES;
				ENABLE_USER_SCRIPT_SANDBOXING = YES;
				GCC_C_LANGUAGE_STANDARD = gnu17;
				GCC_NO_COMMON_BLOCKS = YES;
				GCC_WARN_64_TO_32_BIT_CONVERSION = YES;
				GCC_WARN_ABOUT_RETURN_TYPE = YES_ERROR;
				GCC_WARN_UNDECLARED_SELECTOR = YES;
				GCC_WARN_UNINITIALIZED_AUTOS = YES_AGGRESSIVE;
				GCC_WARN_UNUSED_FUNCTION = YES;
				GCC_WARN_UNUSED_VARIABLE = YES;
				IPHONEOS_DEPLOYMENT_TARGET = 17.0;
				LOCALIZATION_PREFERS_STRING_CATALOGS = YES;
				MTL_ENABLE_DEBUG_INFO = NO;
				MTL_FAST_MATH = YES;
				SDKROOT = iphoneos;
				SWIFT_COMPILATION_MODE = wholemodule;
				VALIDATE_PRODUCT = YES;
			};
			name = Release;
		};
		715B374B2B3345AE008EAF31 /* Debug */ = {
			isa = XCBuildConfiguration;
			buildSettings = {
				ASSETCATALOG_COMPILER_APPICON_NAME = AppIcon;
				ASSETCATALOG_COMPILER_GLOBAL_ACCENT_COLOR_NAME = AccentColor;
				CODE_SIGN_STYLE = Automatic;
				CURRENT_PROJECT_VERSION = 1;
				DEVELOPMENT_ASSET_PATHS = "\"Projects/Preview Content\"";
				DEVELOPMENT_TEAM = 7VM5MRXF6F;
				ENABLE_PREVIEWS = YES;
				GENERATE_INFOPLIST_FILE = YES;
				INFOPLIST_KEY_UIApplicationSceneManifest_Generation = YES;
				INFOPLIST_KEY_UIApplicationSupportsIndirectInputEvents = YES;
				INFOPLIST_KEY_UILaunchScreen_Generation = YES;
				INFOPLIST_KEY_UISupportedInterfaceOrientations_iPad = "UIInterfaceOrientationPortrait UIInterfaceOrientationPortraitUpsideDown UIInterfaceOrientationLandscapeLeft UIInterfaceOrientationLandscapeRight";
				INFOPLIST_KEY_UISupportedInterfaceOrientations_iPhone = "UIInterfaceOrientationPortrait UIInterfaceOrientationLandscapeLeft UIInterfaceOrientationLandscapeRight";
				LD_RUNPATH_SEARCH_PATHS = (
					"$(inherited)",
					"@executable_path/Frameworks",
				);
				MARKETING_VERSION = 1.0;
				PRODUCT_BUNDLE_IDENTIFIER = dev.danilelelewis.Projects;
				PRODUCT_NAME = "$(TARGET_NAME)";
				SWIFT_EMIT_LOC_STRINGS = YES;
				SWIFT_VERSION = 5.0;
				TARGETED_DEVICE_FAMILY = "1,2";
			};
			name = Debug;
		};
		715B374C2B3345AE008EAF31 /* Release */ = {
			isa = XCBuildConfiguration;
			buildSettings = {
				ASSETCATALOG_COMPILER_APPICON_NAME = AppIcon;
				ASSETCATALOG_COMPILER_GLOBAL_ACCENT_COLOR_NAME = AccentColor;
				CODE_SIGN_STYLE = Automatic;
				CURRENT_PROJECT_VERSION = 1;
				DEVELOPMENT_ASSET_PATHS = "\"Projects/Preview Content\"";
				DEVELOPMENT_TEAM = 7VM5MRXF6F;
				ENABLE_PREVIEWS = YES;
				GENERATE_INFOPLIST_FILE = YES;
				INFOPLIST_KEY_UIApplicationSceneManifest_Generation = YES;
				INFOPLIST_KEY_UIApplicationSupportsIndirectInputEvents = YES;
				INFOPLIST_KEY_UILaunchScreen_Generation = YES;
				INFOPLIST_KEY_UISupportedInterfaceOrientations_iPad = "UIInterfaceOrientationPortrait UIInterfaceOrientationPortraitUpsideDown UIInterfaceOrientationLandscapeLeft UIInterfaceOrientationLandscapeRight";
				INFOPLIST_KEY_UISupportedInterfaceOrientations_iPhone = "UIInterfaceOrientationPortrait UIInterfaceOrientationLandscapeLeft UIInterfaceOrientationLandscapeRight";
				LD_RUNPATH_SEARCH_PATHS = (
					"$(inherited)",
					"@executable_path/Frameworks",
				);
				MARKETING_VERSION = 1.0;
				PRODUCT_BUNDLE_IDENTIFIER = dev.danilelelewis.Projects;
				PRODUCT_NAME = "$(TARGET_NAME)";
				SWIFT_EMIT_LOC_STRINGS = YES;
				SWIFT_VERSION = 5.0;
				TARGETED_DEVICE_FAMILY = "1,2";
			};
			name = Release;
		};
/* End XCBuildConfiguration section */

/* Begin XCConfigurationList section */
		715B37372B3345AD008EAF31 /* Build configuration list for PBXProject "Projects" */ = {
			isa = XCConfigurationList;
			buildConfigurations = (
				715B37482B3345AE008EAF31 /* Debug */,
				715B37492B3345AE008EAF31 /* Release */,
			);
			defaultConfigurationIsVisible = 0;
			defaultConfigurationName = Release;
		};
		715B374A2B3345AE008EAF31 /* Build configuration list for PBXNativeTarget "Projects" */ = {
			isa = XCConfigurationList;
			buildConfigurations = (
				715B374B2B3345AE008EAF31 /* Debug */,
				715B374C2B3345AE008EAF31 /* Release */,
			);
			defaultConfigurationIsVisible = 0;
			defaultConfigurationName = Release;
		};
/* End XCConfigurationList section */
	};
	rootObject = 715B37342B3345AD008EAF31 /* Project object */;
}
